
Microsoft Visual Studio Solution File, Format Version 12.00
# Visual Studio 15
VisualStudioVersion = 15.0.27004.2010
MinimumVisualStudioVersion = 10.0.40219.1
Project("{8BC9CEB8-8B4A-11D0-8D11-00A0C91BC942}") = "Network", "Network\Network.vcxproj", "{88428A1C-9B9F-49D2-AF9A-83CE360CF3D3}"
	ProjectSection(ProjectDependencies) = postProject
		{7490E049-32DD-4919-AC19-95F47C614B4D} = {7490E049-32DD-4919-AC19-95F47C614B4D}
		{B67143AC-BA9B-49FB-A088-82F078813212} = {B67143AC-BA9B-49FB-A088-82F078813212}
	EndProjectSection
EndProject
Project("{8BC9CEB8-8B4A-11D0-8D11-00A0C91BC942}") = "RemoteConsoleServer", "ServerTest\ServerTest.vcxproj", "{A99968B5-FF97-4DD8-A8FC-553F67795BA8}"
	ProjectSection(ProjectDependencies) = postProject
		{63BA4426-BA93-4CA8-AE28-BC9599529750} = {63BA4426-BA93-4CA8-AE28-BC9599529750}
	EndProjectSection
EndProject
Project("{8BC9CEB8-8B4A-11D0-8D11-00A0C91BC942}") = "RemoteConsoleClient", "ClientTest\ClientTest.vcxproj", "{92CC853B-1DD9-4450-B9F4-0ABC69C911B7}"
	ProjectSection(ProjectDependencies) = postProject
		{63BA4426-BA93-4CA8-AE28-BC9599529750} = {63BA4426-BA93-4CA8-AE28-BC9599529750}
	EndProjectSection
EndProject
Project("{2150E333-8FDC-42A3-9474-1A3956D46DE8}") = "ConsoleUI", "ConsoleUI", "{C945B8B9-D770-4558-A8FE-BAA473A507EA}"
EndProject
Project("{8BC9CEB8-8B4A-11D0-8D11-00A0C91BC942}") = "Console", "Console\Console.vcxproj", "{D54B9B0F-61A7-458B-A498-BBA0A2D53FC8}"
	ProjectSection(ProjectDependencies) = postProject
		{056F8605-8881-45CE-8473-CCFD81532D3F} = {056F8605-8881-45CE-8473-CCFD81532D3F}
		{5C0846FF-49B3-4601-818D-50219C349395} = {5C0846FF-49B3-4601-818D-50219C349395}
	EndProjectSection
EndProject
Project("{2150E333-8FDC-42A3-9474-1A3956D46DE8}") = "Console", "Console", "{E1F3D0C7-F8BC-451D-B967-EF06C9184A1E}"
EndProject
Project("{2150E333-8FDC-42A3-9474-1A3956D46DE8}") = "Network", "Network", "{174CDF64-7952-4F18-99D3-C4B733116E87}"
EndProject
Project("{2150E333-8FDC-42A3-9474-1A3956D46DE8}") = "Rpc", "Rpc", "{7943053F-896E-4E23-8909-97CB6047ED8A}"
EndProject
Project("{8BC9CEB8-8B4A-11D0-8D11-00A0C91BC942}") = "Rpc", "Rpc\Rpc.vcxproj", "{7490E049-32DD-4919-AC19-95F47C614B4D}"
EndProject
Project("{2150E333-8FDC-42A3-9474-1A3956D46DE8}") = "Utils", "Utils", "{73025E01-5674-4A56-9BDC-7DD6448835C1}"
EndProject
Project("{8BC9CEB8-8B4A-11D0-8D11-00A0C91BC942}") = "Utils", "Utils\Utils.vcxproj", "{B67143AC-BA9B-49FB-A088-82F078813212}"
EndProject
Project("{8BC9CEB8-8B4A-11D0-8D11-00A0C91BC942}") = "RpcUnitTest", "RpcUnitTest\RpcUnitTest.vcxproj", "{D1BA7D68-E916-4A86-9EB8-A181B1DF9A28}"
	ProjectSection(ProjectDependencies) = postProject
		{7490E049-32DD-4919-AC19-95F47C614B4D} = {7490E049-32DD-4919-AC19-95F47C614B4D}
		{B67143AC-BA9B-49FB-A088-82F078813212} = {B67143AC-BA9B-49FB-A088-82F078813212}
	EndProjectSection
EndProject
Project("{8BC9CEB8-8B4A-11D0-8D11-00A0C91BC942}") = "UtilsUnitTest", "UtilsUnitTest\UtilsUnitTest.vcxproj", "{5A6C31B1-6FCE-4B7A-96AB-248649AF0694}"
	ProjectSection(ProjectDependencies) = postProject
		{B67143AC-BA9B-49FB-A088-82F078813212} = {B67143AC-BA9B-49FB-A088-82F078813212}
	EndProjectSection
EndProject
Project("{2150E333-8FDC-42A3-9474-1A3956D46DE8}") = "RemoteConsole", "RemoteConsole", "{27FC3DBE-F9BD-43CF-8819-F6609B4681DD}"
EndProject
Project("{8BC9CEB8-8B4A-11D0-8D11-00A0C91BC942}") = "RemoteConsole", "RemoteConsole\RemoteConsole.vcxproj", "{63BA4426-BA93-4CA8-AE28-BC9599529750}"
	ProjectSection(ProjectDependencies) = postProject
		{D54B9B0F-61A7-458B-A498-BBA0A2D53FC8} = {D54B9B0F-61A7-458B-A498-BBA0A2D53FC8}
		{88428A1C-9B9F-49D2-AF9A-83CE360CF3D3} = {88428A1C-9B9F-49D2-AF9A-83CE360CF3D3}
	EndProjectSection
EndProject
Project("{8BC9CEB8-8B4A-11D0-8D11-00A0C91BC942}") = "ConsoleClient", "ConsoleClient\ConsoleClient.vcxproj", "{5C0846FF-49B3-4601-818D-50219C349395}"
	ProjectSection(ProjectDependencies) = postProject
		{7490E049-32DD-4919-AC19-95F47C614B4D} = {7490E049-32DD-4919-AC19-95F47C614B4D}
		{B67143AC-BA9B-49FB-A088-82F078813212} = {B67143AC-BA9B-49FB-A088-82F078813212}
		{345E00DA-2E2F-4ECB-B7C0-D53F825D5985} = {345E00DA-2E2F-4ECB-B7C0-D53F825D5985}
	EndProjectSection
EndProject
Project("{8BC9CEB8-8B4A-11D0-8D11-00A0C91BC942}") = "ConsoleServer", "ConsoleServer\ConsoleServer.vcxproj", "{056F8605-8881-45CE-8473-CCFD81532D3F}"
	ProjectSection(ProjectDependencies) = postProject
		{7490E049-32DD-4919-AC19-95F47C614B4D} = {7490E049-32DD-4919-AC19-95F47C614B4D}
		{345E00DA-2E2F-4ECB-B7C0-D53F825D5985} = {345E00DA-2E2F-4ECB-B7C0-D53F825D5985}
	EndProjectSection
EndProject
Project("{8BC9CEB8-8B4A-11D0-8D11-00A0C91BC942}") = "ConsoleProcess", "ConsoleProcess\ConsoleProcess.vcxproj", "{345E00DA-2E2F-4ECB-B7C0-D53F825D5985}"
	ProjectSection(ProjectDependencies) = postProject
		{7490E049-32DD-4919-AC19-95F47C614B4D} = {7490E049-32DD-4919-AC19-95F47C614B4D}
	EndProjectSection
EndProject
Project("{8BC9CEB8-8B4A-11D0-8D11-00A0C91BC942}") = "UnitTestAll", "UnitTestAll\UnitTestAll.vcxproj", "{37710116-D65A-4749-BE70-3D2CF088A887}"
EndProject
Global
	GlobalSection(SolutionConfigurationPlatforms) = preSolution
		Debug|x64 = Debug|x64
		Debug|x86 = Debug|x86
		Release|x64 = Release|x64
		Release|x86 = Release|x86
	EndGlobalSection
	GlobalSection(ProjectConfigurationPlatforms) = postSolution
		{88428A1C-9B9F-49D2-AF9A-83CE360CF3D3}.Debug|x64.ActiveCfg = Debug|x64
		{88428A1C-9B9F-49D2-AF9A-83CE360CF3D3}.Debug|x64.Build.0 = Debug|x64
		{88428A1C-9B9F-49D2-AF9A-83CE360CF3D3}.Debug|x86.ActiveCfg = Debug|Win32
		{88428A1C-9B9F-49D2-AF9A-83CE360CF3D3}.Debug|x86.Build.0 = Debug|Win32
		{88428A1C-9B9F-49D2-AF9A-83CE360CF3D3}.Release|x64.ActiveCfg = Release|x64
		{88428A1C-9B9F-49D2-AF9A-83CE360CF3D3}.Release|x64.Build.0 = Release|x64
		{88428A1C-9B9F-49D2-AF9A-83CE360CF3D3}.Release|x86.ActiveCfg = Release|Win32
		{88428A1C-9B9F-49D2-AF9A-83CE360CF3D3}.Release|x86.Build.0 = Release|Win32
		{A99968B5-FF97-4DD8-A8FC-553F67795BA8}.Debug|x64.ActiveCfg = Debug|x64
		{A99968B5-FF97-4DD8-A8FC-553F67795BA8}.Debug|x64.Build.0 = Debug|x64
		{A99968B5-FF97-4DD8-A8FC-553F67795BA8}.Debug|x86.ActiveCfg = Debug|Win32
		{A99968B5-FF97-4DD8-A8FC-553F67795BA8}.Debug|x86.Build.0 = Debug|Win32
		{A99968B5-FF97-4DD8-A8FC-553F67795BA8}.Release|x64.ActiveCfg = Release|x64
		{A99968B5-FF97-4DD8-A8FC-553F67795BA8}.Release|x64.Build.0 = Release|x64
		{A99968B5-FF97-4DD8-A8FC-553F67795BA8}.Release|x86.ActiveCfg = Release|Win32
		{A99968B5-FF97-4DD8-A8FC-553F67795BA8}.Release|x86.Build.0 = Release|Win32
		{92CC853B-1DD9-4450-B9F4-0ABC69C911B7}.Debug|x64.ActiveCfg = Debug|x64
		{92CC853B-1DD9-4450-B9F4-0ABC69C911B7}.Debug|x64.Build.0 = Debug|x64
		{92CC853B-1DD9-4450-B9F4-0ABC69C911B7}.Debug|x86.ActiveCfg = Debug|Win32
		{92CC853B-1DD9-4450-B9F4-0ABC69C911B7}.Debug|x86.Build.0 = Debug|Win32
		{92CC853B-1DD9-4450-B9F4-0ABC69C911B7}.Release|x64.ActiveCfg = Release|x64
		{92CC853B-1DD9-4450-B9F4-0ABC69C911B7}.Release|x64.Build.0 = Release|x64
		{92CC853B-1DD9-4450-B9F4-0ABC69C911B7}.Release|x86.ActiveCfg = Release|Win32
		{92CC853B-1DD9-4450-B9F4-0ABC69C911B7}.Release|x86.Build.0 = Release|Win32
		{D54B9B0F-61A7-458B-A498-BBA0A2D53FC8}.Debug|x64.ActiveCfg = Debug|x64
		{D54B9B0F-61A7-458B-A498-BBA0A2D53FC8}.Debug|x64.Build.0 = Debug|x64
		{D54B9B0F-61A7-458B-A498-BBA0A2D53FC8}.Debug|x86.ActiveCfg = Debug|Win32
		{D54B9B0F-61A7-458B-A498-BBA0A2D53FC8}.Debug|x86.Build.0 = Debug|Win32
		{D54B9B0F-61A7-458B-A498-BBA0A2D53FC8}.Release|x64.ActiveCfg = Release|x64
		{D54B9B0F-61A7-458B-A498-BBA0A2D53FC8}.Release|x64.Build.0 = Release|x64
		{D54B9B0F-61A7-458B-A498-BBA0A2D53FC8}.Release|x86.ActiveCfg = Release|Win32
		{D54B9B0F-61A7-458B-A498-BBA0A2D53FC8}.Release|x86.Build.0 = Release|Win32
		{7490E049-32DD-4919-AC19-95F47C614B4D}.Debug|x64.ActiveCfg = Debug|x64
		{7490E049-32DD-4919-AC19-95F47C614B4D}.Debug|x64.Build.0 = Debug|x64
		{7490E049-32DD-4919-AC19-95F47C614B4D}.Debug|x86.ActiveCfg = Debug|Win32
		{7490E049-32DD-4919-AC19-95F47C614B4D}.Debug|x86.Build.0 = Debug|Win32
		{7490E049-32DD-4919-AC19-95F47C614B4D}.Release|x64.ActiveCfg = Release|x64
		{7490E049-32DD-4919-AC19-95F47C614B4D}.Release|x64.Build.0 = Release|x64
		{7490E049-32DD-4919-AC19-95F47C614B4D}.Release|x86.ActiveCfg = Release|Win32
		{7490E049-32DD-4919-AC19-95F47C614B4D}.Release|x86.Build.0 = Release|Win32
		{B67143AC-BA9B-49FB-A088-82F078813212}.Debug|x64.ActiveCfg = Debug|x64
		{B67143AC-BA9B-49FB-A088-82F078813212}.Debug|x64.Build.0 = Debug|x64
		{B67143AC-BA9B-49FB-A088-82F078813212}.Debug|x86.ActiveCfg = Debug|Win32
		{B67143AC-BA9B-49FB-A088-82F078813212}.Debug|x86.Build.0 = Debug|Win32
		{B67143AC-BA9B-49FB-A088-82F078813212}.Release|x64.ActiveCfg = Release|x64
		{B67143AC-BA9B-49FB-A088-82F078813212}.Release|x64.Build.0 = Release|x64
		{B67143AC-BA9B-49FB-A088-82F078813212}.Release|x86.ActiveCfg = Release|Win32
		{B67143AC-BA9B-49FB-A088-82F078813212}.Release|x86.Build.0 = Release|Win32
		{D1BA7D68-E916-4A86-9EB8-A181B1DF9A28}.Debug|x64.ActiveCfg = Debug|x64
		{D1BA7D68-E916-4A86-9EB8-A181B1DF9A28}.Debug|x64.Build.0 = Debug|x64
		{D1BA7D68-E916-4A86-9EB8-A181B1DF9A28}.Debug|x86.ActiveCfg = Debug|Win32
		{D1BA7D68-E916-4A86-9EB8-A181B1DF9A28}.Debug|x86.Build.0 = Debug|Win32
		{D1BA7D68-E916-4A86-9EB8-A181B1DF9A28}.Release|x64.ActiveCfg = Release|x64
		{D1BA7D68-E916-4A86-9EB8-A181B1DF9A28}.Release|x64.Build.0 = Release|x64
		{D1BA7D68-E916-4A86-9EB8-A181B1DF9A28}.Release|x86.ActiveCfg = Release|Win32
		{D1BA7D68-E916-4A86-9EB8-A181B1DF9A28}.Release|x86.Build.0 = Release|Win32
		{5A6C31B1-6FCE-4B7A-96AB-248649AF0694}.Debug|x64.ActiveCfg = Debug|x64
		{5A6C31B1-6FCE-4B7A-96AB-248649AF0694}.Debug|x64.Build.0 = Debug|x64
		{5A6C31B1-6FCE-4B7A-96AB-248649AF0694}.Debug|x86.ActiveCfg = Debug|Win32
		{5A6C31B1-6FCE-4B7A-96AB-248649AF0694}.Debug|x86.Build.0 = Debug|Win32
		{5A6C31B1-6FCE-4B7A-96AB-248649AF0694}.Release|x64.ActiveCfg = Release|x64
		{5A6C31B1-6FCE-4B7A-96AB-248649AF0694}.Release|x64.Build.0 = Release|x64
		{5A6C31B1-6FCE-4B7A-96AB-248649AF0694}.Release|x86.ActiveCfg = Release|Win32
		{5A6C31B1-6FCE-4B7A-96AB-248649AF0694}.Release|x86.Build.0 = Release|Win32
		{63BA4426-BA93-4CA8-AE28-BC9599529750}.Debug|x64.ActiveCfg = Debug|x64
		{63BA4426-BA93-4CA8-AE28-BC9599529750}.Debug|x64.Build.0 = Debug|x64
		{63BA4426-BA93-4CA8-AE28-BC9599529750}.Debug|x86.ActiveCfg = Debug|Win32
		{63BA4426-BA93-4CA8-AE28-BC9599529750}.Debug|x86.Build.0 = Debug|Win32
		{63BA4426-BA93-4CA8-AE28-BC9599529750}.Release|x64.ActiveCfg = Release|x64
		{63BA4426-BA93-4CA8-AE28-BC9599529750}.Release|x64.Build.0 = Release|x64
		{63BA4426-BA93-4CA8-AE28-BC9599529750}.Release|x86.ActiveCfg = Release|Win32
		{63BA4426-BA93-4CA8-AE28-BC9599529750}.Release|x86.Build.0 = Release|Win32
		{5C0846FF-49B3-4601-818D-50219C349395}.Debug|x64.ActiveCfg = Debug|x64
		{5C0846FF-49B3-4601-818D-50219C349395}.Debug|x64.Build.0 = Debug|x64
		{5C0846FF-49B3-4601-818D-50219C349395}.Debug|x86.ActiveCfg = Debug|Win32
		{5C0846FF-49B3-4601-818D-50219C349395}.Debug|x86.Build.0 = Debug|Win32
		{5C0846FF-49B3-4601-818D-50219C349395}.Release|x64.ActiveCfg = Release|x64
		{5C0846FF-49B3-4601-818D-50219C349395}.Release|x64.Build.0 = Release|x64
		{5C0846FF-49B3-4601-818D-50219C349395}.Release|x86.ActiveCfg = Release|Win32
		{5C0846FF-49B3-4601-818D-50219C349395}.Release|x86.Build.0 = Release|Win32
		{056F8605-8881-45CE-8473-CCFD81532D3F}.Debug|x64.ActiveCfg = Debug|x64
		{056F8605-8881-45CE-8473-CCFD81532D3F}.Debug|x64.Build.0 = Debug|x64
		{056F8605-8881-45CE-8473-CCFD81532D3F}.Debug|x86.ActiveCfg = Debug|Win32
		{056F8605-8881-45CE-8473-CCFD81532D3F}.Debug|x86.Build.0 = Debug|Win32
		{056F8605-8881-45CE-8473-CCFD81532D3F}.Release|x64.ActiveCfg = Release|x64
		{056F8605-8881-45CE-8473-CCFD81532D3F}.Release|x64.Build.0 = Release|x64
		{056F8605-8881-45CE-8473-CCFD81532D3F}.Release|x86.ActiveCfg = Release|Win32
		{056F8605-8881-45CE-8473-CCFD81532D3F}.Release|x86.Build.0 = Release|Win32
		{345E00DA-2E2F-4ECB-B7C0-D53F825D5985}.Debug|x64.ActiveCfg = Debug|x64
		{345E00DA-2E2F-4ECB-B7C0-D53F825D5985}.Debug|x64.Build.0 = Debug|x64
		{345E00DA-2E2F-4ECB-B7C0-D53F825D5985}.Debug|x86.ActiveCfg = Debug|Win32
		{345E00DA-2E2F-4ECB-B7C0-D53F825D5985}.Debug|x86.Build.0 = Debug|Win32
		{345E00DA-2E2F-4ECB-B7C0-D53F825D5985}.Release|x64.ActiveCfg = Release|x64
		{345E00DA-2E2F-4ECB-B7C0-D53F825D5985}.Release|x64.Build.0 = Release|x64
		{345E00DA-2E2F-4ECB-B7C0-D53F825D5985}.Release|x86.ActiveCfg = Release|Win32
		{345E00DA-2E2F-4ECB-B7C0-D53F825D5985}.Release|x86.Build.0 = Release|Win32
		{37710116-D65A-4749-BE70-3D2CF088A887}.Debug|x64.ActiveCfg = Debug|x64
		{37710116-D65A-4749-BE70-3D2CF088A887}.Debug|x64.Build.0 = Debug|x64
		{37710116-D65A-4749-BE70-3D2CF088A887}.Debug|x86.ActiveCfg = Debug|Win32
		{37710116-D65A-4749-BE70-3D2CF088A887}.Debug|x86.Build.0 = Debug|Win32
		{37710116-D65A-4749-BE70-3D2CF088A887}.Release|x64.ActiveCfg = Release|x64
		{37710116-D65A-4749-BE70-3D2CF088A887}.Release|x64.Build.0 = Release|x64
		{37710116-D65A-4749-BE70-3D2CF088A887}.Release|x86.ActiveCfg = Release|Win32
		{37710116-D65A-4749-BE70-3D2CF088A887}.Release|x86.Build.0 = Release|Win32
	EndGlobalSection
	GlobalSection(SolutionProperties) = preSolution
		HideSolutionNode = FALSE
	EndGlobalSection
	GlobalSection(NestedProjects) = preSolution
		{88428A1C-9B9F-49D2-AF9A-83CE360CF3D3} = {174CDF64-7952-4F18-99D3-C4B733116E87}
		{A99968B5-FF97-4DD8-A8FC-553F67795BA8} = {C945B8B9-D770-4558-A8FE-BAA473A507EA}
		{92CC853B-1DD9-4450-B9F4-0ABC69C911B7} = {C945B8B9-D770-4558-A8FE-BAA473A507EA}
		{D54B9B0F-61A7-458B-A498-BBA0A2D53FC8} = {E1F3D0C7-F8BC-451D-B967-EF06C9184A1E}
		{7490E049-32DD-4919-AC19-95F47C614B4D} = {7943053F-896E-4E23-8909-97CB6047ED8A}
		{B67143AC-BA9B-49FB-A088-82F078813212} = {73025E01-5674-4A56-9BDC-7DD6448835C1}
		{D1BA7D68-E916-4A86-9EB8-A181B1DF9A28} = {7943053F-896E-4E23-8909-97CB6047ED8A}
		{5A6C31B1-6FCE-4B7A-96AB-248649AF0694} = {73025E01-5674-4A56-9BDC-7DD6448835C1}
		{63BA4426-BA93-4CA8-AE28-BC9599529750} = {27FC3DBE-F9BD-43CF-8819-F6609B4681DD}
		{5C0846FF-49B3-4601-818D-50219C349395} = {E1F3D0C7-F8BC-451D-B967-EF06C9184A1E}
		{056F8605-8881-45CE-8473-CCFD81532D3F} = {E1F3D0C7-F8BC-451D-B967-EF06C9184A1E}
		{345E00DA-2E2F-4ECB-B7C0-D53F825D5985} = {E1F3D0C7-F8BC-451D-B967-EF06C9184A1E}
	EndGlobalSection
	GlobalSection(ExtensibilityGlobals) = postSolution
		SolutionGuid = {815ACA00-CDEF-4383-8A35-4C09F9F95AD2}
	EndGlobalSection
EndGlobal
